
Microsoft Visual Studio Solution File, Format Version 12.00
# Visual Studio 15
VisualStudioVersion = 15.0.27703.2042
MinimumVisualStudioVersion = 10.0.40219.1
Project("{FAE04EC0-301F-11D3-BF4B-00C04F79EFBC}") = "PigLatinTranslator", "PigLatinTranslator.csproj", "{7FB96052-C01E-4AEE-BE8D-590EE6783F03}"
EndProject
Global
	GlobalSection(SolutionConfigurationPlatforms) = preSolution
		Debug|Any CPU = Debug|Any CPU
		Release|Any CPU = Release|Any CPU
	EndGlobalSection
	GlobalSection(ProjectConfigurationPlatforms) = postSolution
		{7FB96052-C01E-4AEE-BE8D-590EE6783F03}.Debug|Any CPU.ActiveCfg = Debug|Any CPU
		{7FB96052-C01E-4AEE-BE8D-590EE6783F03}.Debug|Any CPU.Build.0 = Debug|Any CPU
		{7FB96052-C01E-4AEE-BE8D-590EE6783F03}.Release|Any CPU.ActiveCfg = Release|Any CPU
		{7FB96052-C01E-4AEE-BE8D-590EE6783F03}.Release|Any CPU.Build.0 = Release|Any CPU
	EndGlobalSection
	GlobalSection(SolutionProperties) = preSolution
		HideSolutionNode = FALSE
	EndGlobalSection
	GlobalSection(ExtensibilityGlobals) = postSolution
		SolutionGuid = {33ECC5CD-73B5-4A9E-BFD5-C75728C36E39}
	EndGlobalSection
EndGlobal
